# THIS IS AN AUTOGENERATED FILE. DO NOT EDIT THIS FILE DIRECTLY.
# yarn lockfile v1


codemirror-spell-checker@*:
  version "1.1.2"
  resolved "https://registry.yarnpkg.com/codemirror-spell-checker/-/codemirror-spell-checker-1.1.2.tgz#1c660f9089483ccb5113b9ba9ca19c3f4993371e"
  dependencies:
    typo-js "*"

codemirror@*:
  version "5.27.4"
  resolved "https://registry.yarnpkg.com/codemirror/-/codemirror-5.27.4.tgz#0e817c839bfea9959dd16cd48ae14acc0e43c3b6"

jquery@^3.2.1:
  version "3.2.1"
  resolved "https://registry.yarnpkg.com/jquery/-/jquery-3.2.1.tgz#5c4d9de652af6cd0a770154a631bba12b015c787"

marked@*:
  version "0.3.6"
  resolved "https://registry.yarnpkg.com/marked/-/marked-0.3.6.tgz#b2c6c618fccece4ef86c4fc6cb8a7cbf5aeda8d7"

purecss@^0.6.2:
  version "0.6.2"
  resolved "https://registry.yarnpkg.com/purecss/-/purecss-0.6.2.tgz#f0827d227e909543c5138f36d56c8c613f476b8c"

simplemde@^1.11.2:
  version "1.11.2"
  resolved "https://registry.yarnpkg.com/simplemde/-/simplemde-1.11.2.tgz#a23a35d978d2c40ef07dec008c92f070d8e080e3"
  dependencies:
    codemirror "*"
    codemirror-spell-checker "*"
    marked "*"

typo-js@*:
  version "1.0.3"
  resolved "https://registry.yarnpkg.com/typo-js/-/typo-js-1.0.3.tgz#54d8ebc7949f1a7810908b6002c6841526c99d5a"
